
Microsoft Visual Studio Solution File, Format Version 12.00
# Visual Studio Version 17
VisualStudioVersion = 17.14.36511.14 d17.14
MinimumVisualStudioVersion = 10.0.40219.1
Project("{FAE04EC0-301F-11D3-BF4B-00C04F79EFBC}") = "Collections & Generics", "Collections & Generics\Collections & Generics.csproj", "{13A4DE44-8CBF-42A9-BB79-410A24D3A977}"
EndProject
Global
	GlobalSection(SolutionConfigurationPlatforms) = preSolution
		Debug|Any CPU = Debug|Any CPU
		Release|Any CPU = Release|Any CPU
	EndGlobalSection
	GlobalSection(ProjectConfigurationPlatforms) = postSolution
		{13A4DE44-8CBF-42A9-BB79-410A24D3A977}.Debug|Any CPU.ActiveCfg = Debug|Any CPU
		{13A4DE44-8CBF-42A9-BB79-410A24D3A977}.Debug|Any CPU.Build.0 = Debug|Any CPU
		{13A4DE44-8CBF-42A9-BB79-410A24D3A977}.Release|Any CPU.ActiveCfg = Release|Any CPU
		{13A4DE44-8CBF-42A9-BB79-410A24D3A977}.Release|Any CPU.Build.0 = Release|Any CPU
	EndGlobalSection
	GlobalSection(SolutionProperties) = preSolution
		HideSolutionNode = FALSE
	EndGlobalSection
	GlobalSection(ExtensibilityGlobals) = postSolution
		SolutionGuid = {71BD778C-4EA7-4822-8EBB-2C0B2F280A1A}
	EndGlobalSection
EndGlobal
