
Microsoft Visual Studio Solution File, Format Version 12.00
# Visual Studio Version 17
VisualStudioVersion = 17.14.36511.14 d17.14
MinimumVisualStudioVersion = 10.0.40219.1
Project("{FAE04EC0-301F-11D3-BF4B-00C04F79EFBC}") = "Encapsulation & Access Modifiers", "Encapsulation & Access Modifiers\Encapsulation & Access Modifiers.csproj", "{7023A181-F71C-47CE-A980-A9B1D20F540D}"
EndProject
Global
	GlobalSection(SolutionConfigurationPlatforms) = preSolution
		Debug|Any CPU = Debug|Any CPU
		Release|Any CPU = Release|Any CPU
	EndGlobalSection
	GlobalSection(ProjectConfigurationPlatforms) = postSolution
		{7023A181-F71C-47CE-A980-A9B1D20F540D}.Debug|Any CPU.ActiveCfg = Debug|Any CPU
		{7023A181-F71C-47CE-A980-A9B1D20F540D}.Debug|Any CPU.Build.0 = Debug|Any CPU
		{7023A181-F71C-47CE-A980-A9B1D20F540D}.Release|Any CPU.ActiveCfg = Release|Any CPU
		{7023A181-F71C-47CE-A980-A9B1D20F540D}.Release|Any CPU.Build.0 = Release|Any CPU
	EndGlobalSection
	GlobalSection(SolutionProperties) = preSolution
		HideSolutionNode = FALSE
	EndGlobalSection
	GlobalSection(ExtensibilityGlobals) = postSolution
		SolutionGuid = {4EB310E7-F892-4BEA-A62F-C97620C3D351}
	EndGlobalSection
EndGlobal
